{
  "name": "homey.modbus",
  "lockfileVersion": 2,
  "requires": true,
  "packages": {
    "": {
      "dependencies": {
        "jsmodbus": "^4.0.10",
        "net": "^1.0.2"
      }
    },
    "node_modules/crc": {
      "version": "3.4.0",
      "resolved": "https://registry.npmjs.org/crc/-/crc-3.4.0.tgz",
      "integrity": "sha512-ycVC2+4/DLgXXq7QweYi2znhqDuZz6P5TQXnkQo8v15XY/5p/IWeZwsSE31Ifo8w15b8TWLsqhXOjXyilHuQxw=="
    },
    "node_modules/debug": {
      "version": "3.2.7",
      "resolved": "https://registry.npmjs.org/debug/-/debug-3.2.7.tgz",
      "integrity": "sha512-CFjzYYAi4ThfiQvizrFQevTTXHtnCqWfe7x1AhgEscTz6ZbLbfoLRLPugTQyBth6f8ZERVUSyWHFD/7Wu4t1XQ==",
      "dependencies": {
        "ms": "^2.1.1"
      }
    },
    "node_modules/jsmodbus": {
      "version": "4.0.10",
      "resolved": "https://registry.npmjs.org/jsmodbus/-/jsmodbus-4.0.10.tgz",
      "integrity": "sha512-ea2VfDamQVI7RE8X9i9KU+cYoobSaemaXhaKik9FTAZJnkgslc4LoRupzepl3DywFVR3rxqjhcS2wk1BDsIe+Q==",
      "dependencies": {
        "crc": "3.4.0",
        "debug": "^3.1.0"
      },
      "bin": {
        "jsmodbus": "bin/jsmodbus.js"
      },
      "engines": {
        "node": ">=6.0.0"
      }
    },
    "node_modules/ms": {
      "version": "2.1.3",
      "resolved": "https://registry.npmjs.org/ms/-/ms-2.1.3.tgz",
      "integrity": "sha512-6FlzubTLZG3J2a/NVCAleEhjzq5oxgHyaCU9yYXvcLsvoVaHJq/s5xXI6/XXP6tz7R9xAOtHnSO/tXtF3WRTlA=="
    },
    "node_modules/net": {
      "version": "1.0.2",
      "resolved": "https://registry.npmjs.org/net/-/net-1.0.2.tgz",
      "integrity": "sha512-kbhcj2SVVR4caaVnGLJKmlk2+f+oLkjqdKeQlmUtz6nGzOpbcobwVIeSURNgraV/v3tlmGIX82OcPCl0K6RbHQ=="
    }
  },
  "dependencies": {
    "crc": {
      "version": "3.4.0",
      "resolved": "https://registry.npmjs.org/crc/-/crc-3.4.0.tgz",
      "integrity": "sha512-ycVC2+4/DLgXXq7QweYi2znhqDuZz6P5TQXnkQo8v15XY/5p/IWeZwsSE31Ifo8w15b8TWLsqhXOjXyilHuQxw=="
    },
    "debug": {
      "version": "3.2.7",
      "resolved": "https://registry.npmjs.org/debug/-/debug-3.2.7.tgz",
      "integrity": "sha512-CFjzYYAi4ThfiQvizrFQevTTXHtnCqWfe7x1AhgEscTz6ZbLbfoLRLPugTQyBth6f8ZERVUSyWHFD/7Wu4t1XQ==",
      "requires": {
        "ms": "^2.1.1"
      }
    },
    "jsmodbus": {
      "version": "4.0.10",
      "resolved": "https://registry.npmjs.org/jsmodbus/-/jsmodbus-4.0.10.tgz",
      "integrity": "sha512-ea2VfDamQVI7RE8X9i9KU+cYoobSaemaXhaKik9FTAZJnkgslc4LoRupzepl3DywFVR3rxqjhcS2wk1BDsIe+Q==",
      "requires": {
        "crc": "3.4.0",
        "debug": "^3.1.0"
      }
    },
    "ms": {
      "version": "2.1.3",
      "resolved": "https://registry.npmjs.org/ms/-/ms-2.1.3.tgz",
      "integrity": "sha512-6FlzubTLZG3J2a/NVCAleEhjzq5oxgHyaCU9yYXvcLsvoVaHJq/s5xXI6/XXP6tz7R9xAOtHnSO/tXtF3WRTlA=="
    },
    "net": {
      "version": "1.0.2",
      "resolved": "https://registry.npmjs.org/net/-/net-1.0.2.tgz",
      "integrity": "sha512-kbhcj2SVVR4caaVnGLJKmlk2+f+oLkjqdKeQlmUtz6nGzOpbcobwVIeSURNgraV/v3tlmGIX82OcPCl0K6RbHQ=="
    }
  }
}
